// !$*UTF8*$!
{
	archiveVersion = 1;
	classes = {
	};
	objectVersion = 55;
	objects = {

/* Begin PBXBuildFile section */
		835D209E2868511A00E49F9C /* AppDelegate.swift in Sources */ = {isa = PBXBuildFile; fileRef = 835D209D2868511A00E49F9C /* AppDelegate.swift */; };
		835D20A02868511A00E49F9C /* SceneDelegate.swift in Sources */ = {isa = PBXBuildFile; fileRef = 835D209F2868511A00E49F9C /* SceneDelegate.swift */; };
		835D20A22868511A00E49F9C /* ViewController.swift in Sources */ = {isa = PBXBuildFile; fileRef = 835D20A12868511A00E49F9C /* ViewController.swift */; };
		835D20A52868511A00E49F9C /* Main.storyboard in Resources */ = {isa = PBXBuildFile; fileRef = 835D20A32868511A00E49F9C /* Main.storyboard */; };
		835D20A72868511E00E49F9C /* Assets.xcassets in Resources */ = {isa = PBXBuildFile; fileRef = 835D20A62868511E00E49F9C /* Assets.xcassets */; };
		835D20AA2868511E00E49F9C /* LaunchScreen.storyboard in Resources */ = {isa = PBXBuildFile; fileRef = 835D20A82868511E00E49F9C /* LaunchScreen.storyboard */; };
		835D20B62868564000E49F9C /* ViewData.swift in Sources */ = {isa = PBXBuildFile; fileRef = 835D20B52868564000E49F9C /* ViewData.swift */; };
		835D20BA2868570300E49F9C /* MainViewModel.swift in Sources */ = {isa = PBXBuildFile; fileRef = 835D20B92868570300E49F9C /* MainViewModel.swift */; };
		835D20BC286859A500E49F9C /* TestView.swift in Sources */ = {isa = PBXBuildFile; fileRef = 835D20BB286859A500E49F9C /* TestView.swift */; };
		835D20BE286859CA00E49F9C /* TestView+Extension.swift in Sources */ = {isa = PBXBuildFile; fileRef = 835D20BD286859CA00E49F9C /* TestView+Extension.swift */; };
/* End PBXBuildFile section */

/* Begin PBXFileReference section */
		835D209A2868511A00E49F9C /* MVVM App.app */ = {isa = PBXFileReference; explicitFileType = wrapper.application; includeInIndex = 0; path = "MVVM App.app"; sourceTree = BUILT_PRODUCTS_DIR; };
		835D209D2868511A00E49F9C /* AppDelegate.swift */ = {isa = PBXFileReference; lastKnownFileType = sourcecode.swift; path = AppDelegate.swift; sourceTree = "<group>"; };
		835D209F2868511A00E49F9C /* SceneDelegate.swift */ = {isa = PBXFileReference; lastKnownFileType = sourcecode.swift; path = SceneDelegate.swift; sourceTree = "<group>"; };
		835D20A12868511A00E49F9C /* ViewController.swift */ = {isa = PBXFileReference; lastKnownFileType = sourcecode.swift; path = ViewController.swift; sourceTree = "<group>"; };
		835D20A42868511A00E49F9C /* Base */ = {isa = PBXFileReference; lastKnownFileType = file.storyboard; name = Base; path = Base.lproj/Main.storyboard; sourceTree = "<group>"; };
		835D20A62868511E00E49F9C /* Assets.xcassets */ = {isa = PBXFileReference; lastKnownFileType = folder.assetcatalog; path = Assets.xcassets; sourceTree = "<group>"; };
		835D20A92868511E00E49F9C /* Base */ = {isa = PBXFileReference; lastKnownFileType = file.storyboard; name = Base; path = Base.lproj/LaunchScreen.storyboard; sourceTree = "<group>"; };
		835D20AB2868511E00E49F9C /* Info.plist */ = {isa = PBXFileReference; lastKnownFileType = text.plist.xml; path = Info.plist; sourceTree = "<group>"; };
		835D20B52868564000E49F9C /* ViewData.swift */ = {isa = PBXFileReference; lastKnownFileType = sourcecode.swift; path = ViewData.swift; sourceTree = "<group>"; };
		835D20B92868570300E49F9C /* MainViewModel.swift */ = {isa = PBXFileReference; lastKnownFileType = sourcecode.swift; path = MainViewModel.swift; sourceTree = "<group>"; };
		835D20BB286859A500E49F9C /* TestView.swift */ = {isa = PBXFileReference; lastKnownFileType = sourcecode.swift; path = TestView.swift; sourceTree = "<group>"; };
		835D20BD286859CA00E49F9C /* TestView+Extension.swift */ = {isa = PBXFileReference; lastKnownFileType = sourcecode.swift; path = "TestView+Extension.swift"; sourceTree = "<group>"; };
/* End PBXFileReference section */

/* Begin PBXFrameworksBuildPhase section */
		835D20972868511A00E49F9C /* Frameworks */ = {
			isa = PBXFrameworksBuildPhase;
			buildActionMask = 2147483647;
			files = (
			);
			runOnlyForDeploymentPostprocessing = 0;
		};
/* End PBXFrameworksBuildPhase section */

/* Begin PBXGroup section */
		835D20912868511A00E49F9C = {
			isa = PBXGroup;
			children = (
				835D209C2868511A00E49F9C /* MVVM App */,
				835D209B2868511A00E49F9C /* Products */,
			);
			sourceTree = "<group>";
		};
		835D209B2868511A00E49F9C /* Products */ = {
			isa = PBXGroup;
			children = (
				835D209A2868511A00E49F9C /* MVVM App.app */,
			);
			name = Products;
			sourceTree = "<group>";
		};
		835D209C2868511A00E49F9C /* MVVM App */ = {
			isa = PBXGroup;
			children = (
				835D209D2868511A00E49F9C /* AppDelegate.swift */,
				835D209F2868511A00E49F9C /* SceneDelegate.swift */,
				835D20B22868560500E49F9C /* MainModule */,
				835D20A32868511A00E49F9C /* Main.storyboard */,
				835D20A62868511E00E49F9C /* Assets.xcassets */,
				835D20A82868511E00E49F9C /* LaunchScreen.storyboard */,
				835D20AB2868511E00E49F9C /* Info.plist */,
			);
			path = "MVVM App";
			sourceTree = "<group>";
		};
		835D20B1286855FE00E49F9C /* View */ = {
			isa = PBXGroup;
			children = (
				835D20A12868511A00E49F9C /* ViewController.swift */,
				835D20BB286859A500E49F9C /* TestView.swift */,
				835D20BD286859CA00E49F9C /* TestView+Extension.swift */,
			);
			path = View;
			sourceTree = "<group>";
		};
		835D20B22868560500E49F9C /* MainModule */ = {
			isa = PBXGroup;
			children = (
				835D20B42868563500E49F9C /* Model */,
				835D20B32868560D00E49F9C /* ViewModel */,
				835D20B1286855FE00E49F9C /* View */,
			);
			path = MainModule;
			sourceTree = "<group>";
		};
		835D20B32868560D00E49F9C /* ViewModel */ = {
			isa = PBXGroup;
			children = (
				835D20B92868570300E49F9C /* MainViewModel.swift */,
			);
			path = ViewModel;
			sourceTree = "<group>";
		};
		835D20B42868563500E49F9C /* Model */ = {
			isa = PBXGroup;
			children = (
				835D20B52868564000E49F9C /* ViewData.swift */,
			);
			path = Model;
			sourceTree = "<group>";
		};
/* End PBXGroup section */

/* Begin PBXNativeTarget section */
		835D20992868511A00E49F9C /* MVVM App */ = {
			isa = PBXNativeTarget;
			buildConfigurationList = 835D20AE2868511E00E49F9C /* Build configuration list for PBXNativeTarget "MVVM App" */;
			buildPhases = (
				835D20962868511A00E49F9C /* Sources */,
				835D20972868511A00E49F9C /* Frameworks */,
				835D20982868511A00E49F9C /* Resources */,
			);
			buildRules = (
			);
			dependencies = (
			);
			name = "MVVM App";
			productName = "MVVM App";
			productReference = 835D209A2868511A00E49F9C /* MVVM App.app */;
			productType = "com.apple.product-type.application";
		};
/* End PBXNativeTarget section */

/* Begin PBXProject section */
		835D20922868511A00E49F9C /* Project object */ = {
			isa = PBXProject;
			attributes = {
				BuildIndependentTargetsInParallel = 1;
				LastSwiftUpdateCheck = 1330;
				LastUpgradeCheck = 1330;
				TargetAttributes = {
					835D20992868511A00E49F9C = {
						CreatedOnToolsVersion = 13.3;
					};
				};
			};
			buildConfigurationList = 835D20952868511A00E49F9C /* Build configuration list for PBXProject "MVVM App" */;
			compatibilityVersion = "Xcode 13.0";
			developmentRegion = en;
			hasScannedForEncodings = 0;
			knownRegions = (
				en,
				Base,
			);
			mainGroup = 835D20912868511A00E49F9C;
			productRefGroup = 835D209B2868511A00E49F9C /* Products */;
			projectDirPath = "";
			projectRoot = "";
			targets = (
				835D20992868511A00E49F9C /* MVVM App */,
			);
		};
/* End PBXProject section */

/* Begin PBXResourcesBuildPhase section */
		835D20982868511A00E49F9C /* Resources */ = {
			isa = PBXResourcesBuildPhase;
			buildActionMask = 2147483647;
			files = (
				835D20AA2868511E00E49F9C /* LaunchScreen.storyboard in Resources */,
				835D20A72868511E00E49F9C /* Assets.xcassets in Resources */,
				835D20A52868511A00E49F9C /* Main.storyboard in Resources */,
			);
			runOnlyForDeploymentPostprocessing = 0;
		};
/* End PBXResourcesBuildPhase section */

/* Begin PBXSourcesBuildPhase section */
		835D20962868511A00E49F9C /* Sources */ = {
			isa = PBXSourcesBuildPhase;
			buildActionMask = 2147483647;
			files = (
				835D20BA2868570300E49F9C /* MainViewModel.swift in Sources */,
				835D20A22868511A00E49F9C /* ViewController.swift in Sources */,
				835D20BC286859A500E49F9C /* TestView.swift in Sources */,
				835D209E2868511A00E49F9C /* AppDelegate.swift in Sources */,
				835D20BE286859CA00E49F9C /* TestView+Extension.swift in Sources */,
				835D20B62868564000E49F9C /* ViewData.swift in Sources */,
				835D20A02868511A00E49F9C /* SceneDelegate.swift in Sources */,
			);
			runOnlyForDeploymentPostprocessing = 0;
		};
/* End PBXSourcesBuildPhase section */

/* Begin PBXVariantGroup section */
		835D20A32868511A00E49F9C /* Main.storyboard */ = {
			isa = PBXVariantGroup;
			children = (
				835D20A42868511A00E49F9C /* Base */,
			);
			name = Main.storyboard;
			sourceTree = "<group>";
		};
		835D20A82868511E00E49F9C /* LaunchScreen.storyboard */ = {
			isa = PBXVariantGroup;
			children = (
				835D20A92868511E00E49F9C /* Base */,
			);
			name = LaunchScreen.storyboard;
			sourceTree = "<group>";
		};
/* End PBXVariantGroup section */

/* Begin XCBuildConfiguration section */
		835D20AC2868511E00E49F9C /* Debug */ = {
			isa = XCBuildConfiguration;
			buildSettings = {
				ALWAYS_SEARCH_USER_PATHS = NO;
				CLANG_ANALYZER_NONNULL = YES;
				CLANG_ANALYZER_NUMBER_OBJECT_CONVERSION = YES_AGGRESSIVE;
				CLANG_CXX_LANGUAGE_STANDARD = "gnu++17";
				CLANG_ENABLE_MODULES = YES;
				CLANG_ENABLE_OBJC_ARC = YES;
				CLANG_ENABLE_OBJC_WEAK = YES;
				CLANG_WARN_BLOCK_CAPTURE_AUTORELEASING = YES;
				CLANG_WARN_BOOL_CONVERSION = YES;
				CLANG_WARN_COMMA = YES;
				CLANG_WARN_CONSTANT_CONVERSION = YES;
				CLANG_WARN_DEPRECATED_OBJC_IMPLEMENTATIONS = YES;
				CLANG_WARN_DIRECT_OBJC_ISA_USAGE = YES_ERROR;
				CLANG_WARN_DOCUMENTATION_COMMENTS = YES;
				CLANG_WARN_EMPTY_BODY = YES;
				CLANG_WARN_ENUM_CONVERSION = YES;
				CLANG_WARN_INFINITE_RECURSION = YES;
				CLANG_WARN_INT_CONVERSION = YES;
				CLANG_WARN_NON_LITERAL_NULL_CONVERSION = YES;
				CLANG_WARN_OBJC_IMPLICIT_RETAIN_SELF = YES;
				CLANG_WARN_OBJC_LITERAL_CONVERSION = YES;
				CLANG_WARN_OBJC_ROOT_CLASS = YES_ERROR;
				CLANG_WARN_QUOTED_INCLUDE_IN_FRAMEWORK_HEADER = YES;
				CLANG_WARN_RANGE_LOOP_ANALYSIS = YES;
				CLANG_WARN_STRICT_PROTOTYPES = YES;
				CLANG_WARN_SUSPICIOUS_MOVE = YES;
				CLANG_WARN_UNGUARDED_AVAILABILITY = YES_AGGRESSIVE;
				CLANG_WARN_UNREACHABLE_CODE = YES;
				CLANG_WARN__DUPLICATE_METHOD_MATCH = YES;
				COPY_PHASE_STRIP = NO;
				DEBUG_INFORMATION_FORMAT = dwarf;
				ENABLE_STRICT_OBJC_MSGSEND = YES;
				ENABLE_TESTABILITY = YES;
				GCC_C_LANGUAGE_STANDARD = gnu11;
				GCC_DYNAMIC_NO_PIC = NO;
				GCC_NO_COMMON_BLOCKS = YES;
				GCC_OPTIMIZATION_LEVEL = 0;
				GCC_PREPROCESSOR_DEFINITIONS = (
					"DEBUG=1",
					"$(inherited)",
				);
				GCC_WARN_64_TO_32_BIT_CONVERSION = YES;
				GCC_WARN_ABOUT_RETURN_TYPE = YES_ERROR;
				GCC_WARN_UNDECLARED_SELECTOR = YES;
				GCC_WARN_UNINITIALIZED_AUTOS = YES_AGGRESSIVE;
				GCC_WARN_UNUSED_FUNCTION = YES;
				GCC_WARN_UNUSED_VARIABLE = YES;
				IPHONEOS_DEPLOYMENT_TARGET = 15.4;
				MTL_ENABLE_DEBUG_INFO = INCLUDE_SOURCE;
				MTL_FAST_MATH = YES;
				ONLY_ACTIVE_ARCH = YES;
				SDKROOT = iphoneos;
				SWIFT_ACTIVE_COMPILATION_CONDITIONS = DEBUG;
				SWIFT_OPTIMIZATION_LEVEL = "-Onone";
			};
			name = Debug;
		};
		835D20AD2868511E00E49F9C /* Release */ = {
			isa = XCBuildConfiguration;
			buildSettings = {
				ALWAYS_SEARCH_USER_PATHS = NO;
				CLANG_ANALYZER_NONNULL = YES;
				CLANG_ANALYZER_NUMBER_OBJECT_CONVERSION = YES_AGGRESSIVE;
				CLANG_CXX_LANGUAGE_STANDARD = "gnu++17";
				CLANG_ENABLE_MODULES = YES;
				CLANG_ENABLE_OBJC_ARC = YES;
				CLANG_ENABLE_OBJC_WEAK = YES;
				CLANG_WARN_BLOCK_CAPTURE_AUTORELEASING = YES;
				CLANG_WARN_BOOL_CONVERSION = YES;
				CLANG_WARN_COMMA = YES;
				CLANG_WARN_CONSTANT_CONVERSION = YES;
				CLANG_WARN_DEPRECATED_OBJC_IMPLEMENTATIONS = YES;
				CLANG_WARN_DIRECT_OBJC_ISA_USAGE = YES_ERROR;
				CLANG_WARN_DOCUMENTATION_COMMENTS = YES;
				CLANG_WARN_EMPTY_BODY = YES;
				CLANG_WARN_ENUM_CONVERSION = YES;
				CLANG_WARN_INFINITE_RECURSION = YES;
				CLANG_WARN_INT_CONVERSION = YES;
				CLANG_WARN_NON_LITERAL_NULL_CONVERSION = YES;
				CLANG_WARN_OBJC_IMPLICIT_RETAIN_SELF = YES;
				CLANG_WARN_OBJC_LITERAL_CONVERSION = YES;
				CLANG_WARN_OBJC_ROOT_CLASS = YES_ERROR;
				CLANG_WARN_QUOTED_INCLUDE_IN_FRAMEWORK_HEADER = YES;
				CLANG_WARN_RANGE_LOOP_ANALYSIS = YES;
				CLANG_WARN_STRICT_PROTOTYPES = YES;
				CLANG_WARN_SUSPICIOUS_MOVE = YES;
				CLANG_WARN_UNGUARDED_AVAILABILITY = YES_AGGRESSIVE;
				CLANG_WARN_UNREACHABLE_CODE = YES;
				CLANG_WARN__DUPLICATE_METHOD_MATCH = YES;
				COPY_PHASE_STRIP = NO;
				DEBUG_INFORMATION_FORMAT = "dwarf-with-dsym";
				ENABLE_NS_ASSERTIONS = NO;
				ENABLE_STRICT_OBJC_MSGSEND = YES;
				GCC_C_LANGUAGE_STANDARD = gnu11;
				GCC_NO_COMMON_BLOCKS = YES;
				GCC_WARN_64_TO_32_BIT_CONVERSION = YES;
				GCC_WARN_ABOUT_RETURN_TYPE = YES_ERROR;
				GCC_WARN_UNDECLARED_SELECTOR = YES;
				GCC_WARN_UNINITIALIZED_AUTOS = YES_AGGRESSIVE;
				GCC_WARN_UNUSED_FUNCTION = YES;
				GCC_WARN_UNUSED_VARIABLE = YES;
				IPHONEOS_DEPLOYMENT_TARGET = 15.4;
				MTL_ENABLE_DEBUG_INFO = NO;
				MTL_FAST_MATH = YES;
				SDKROOT = iphoneos;
				SWIFT_COMPILATION_MODE = wholemodule;
				SWIFT_OPTIMIZATION_LEVEL = "-O";
				VALIDATE_PRODUCT = YES;
			};
			name = Release;
		};
		835D20AF2868511E00E49F9C /* Debug */ = {
			isa = XCBuildConfiguration;
			buildSettings = {
				ASSETCATALOG_COMPILER_APPICON_NAME = AppIcon;
				ASSETCATALOG_COMPILER_GLOBAL_ACCENT_COLOR_NAME = AccentColor;
				CODE_SIGN_STYLE = Automatic;
				CURRENT_PROJECT_VERSION = 1;
				DEVELOPMENT_TEAM = DK8A94C3H5;
				GENERATE_INFOPLIST_FILE = YES;
				INFOPLIST_FILE = "MVVM App/Info.plist";
				INFOPLIST_KEY_UIApplicationSupportsIndirectInputEvents = YES;
				INFOPLIST_KEY_UILaunchStoryboardName = LaunchScreen;
				INFOPLIST_KEY_UIMainStoryboardFile = Main;
				INFOPLIST_KEY_UISupportedInterfaceOrientations_iPad = "UIInterfaceOrientationPortrait UIInterfaceOrientationPortraitUpsideDown UIInterfaceOrientationLandscapeLeft UIInterfaceOrientationLandscapeRight";
				INFOPLIST_KEY_UISupportedInterfaceOrientations_iPhone = "UIInterfaceOrientationPortrait UIInterfaceOrientationLandscapeLeft UIInterfaceOrientationLandscapeRight";
				LD_RUNPATH_SEARCH_PATHS = (
					"$(inherited)",
					"@executable_path/Frameworks",
				);
				MARKETING_VERSION = 1.0;
				PRODUCT_BUNDLE_IDENTIFIER = "com.company.MVVM-App";
				PRODUCT_NAME = "$(TARGET_NAME)";
				SWIFT_EMIT_LOC_STRINGS = YES;
				SWIFT_VERSION = 5.0;
				TARGETED_DEVICE_FAMILY = "1,2";
			};
			name = Debug;
		};
		835D20B02868511E00E49F9C /* Release */ = {
			isa = XCBuildConfiguration;
			buildSettings = {
				ASSETCATALOG_COMPILER_APPICON_NAME = AppIcon;
				ASSETCATALOG_COMPILER_GLOBAL_ACCENT_COLOR_NAME = AccentColor;
				CODE_SIGN_STYLE = Automatic;
				CURRENT_PROJECT_VERSION = 1;
				DEVELOPMENT_TEAM = DK8A94C3H5;
				GENERATE_INFOPLIST_FILE = YES;
				INFOPLIST_FILE = "MVVM App/Info.plist";
				INFOPLIST_KEY_UIApplicationSupportsIndirectInputEvents = YES;
				INFOPLIST_KEY_UILaunchStoryboardName = LaunchScreen;
				INFOPLIST_KEY_UIMainStoryboardFile = Main;
				INFOPLIST_KEY_UISupportedInterfaceOrientations_iPad = "UIInterfaceOrientationPortrait UIInterfaceOrientationPortraitUpsideDown UIInterfaceOrientationLandscapeLeft UIInterfaceOrientationLandscapeRight";
				INFOPLIST_KEY_UISupportedInterfaceOrientations_iPhone = "UIInterfaceOrientationPortrait UIInterfaceOrientationLandscapeLeft UIInterfaceOrientationLandscapeRight";
				LD_RUNPATH_SEARCH_PATHS = (
					"$(inherited)",
					"@executable_path/Frameworks",
				);
				MARKETING_VERSION = 1.0;
				PRODUCT_BUNDLE_IDENTIFIER = "com.company.MVVM-App";
				PRODUCT_NAME = "$(TARGET_NAME)";
				SWIFT_EMIT_LOC_STRINGS = YES;
				SWIFT_VERSION = 5.0;
				TARGETED_DEVICE_FAMILY = "1,2";
			};
			name = Release;
		};
/* End XCBuildConfiguration section */

/* Begin XCConfigurationList section */
		835D20952868511A00E49F9C /* Build configuration list for PBXProject "MVVM App" */ = {
			isa = XCConfigurationList;
			buildConfigurations = (
				835D20AC2868511E00E49F9C /* Debug */,
				835D20AD2868511E00E49F9C /* Release */,
			);
			defaultConfigurationIsVisible = 0;
			defaultConfigurationName = Release;
		};
		835D20AE2868511E00E49F9C /* Build configuration list for PBXNativeTarget "MVVM App" */ = {
			isa = XCConfigurationList;
			buildConfigurations = (
				835D20AF2868511E00E49F9C /* Debug */,
				835D20B02868511E00E49F9C /* Release */,
			);
			defaultConfigurationIsVisible = 0;
			defaultConfigurationName = Release;
		};
/* End XCConfigurationList section */
	};
	rootObject = 835D20922868511A00E49F9C /* Project object */;
}
